
Microsoft Visual Studio Solution File, Format Version 12.00
# Visual Studio Version 17
VisualStudioVersion = 17.3.32825.248
MinimumVisualStudioVersion = 10.0.40219.1
Project("{FAE04EC0-301F-11D3-BF4B-00C04F79EFBC}") = "BoaConstrictorTest", "BoaConstrictorTest\BoaConstrictorTest.csproj", "{E908BAF2-D84B-4FA3-8DC1-0EA05EEE2566}"
EndProject
Global
	GlobalSection(SolutionConfigurationPlatforms) = preSolution
		Debug|Any CPU = Debug|Any CPU
		Release|Any CPU = Release|Any CPU
	EndGlobalSection
	GlobalSection(ProjectConfigurationPlatforms) = postSolution
		{E908BAF2-D84B-4FA3-8DC1-0EA05EEE2566}.Debug|Any CPU.ActiveCfg = Debug|Any CPU
		{E908BAF2-D84B-4FA3-8DC1-0EA05EEE2566}.Debug|Any CPU.Build.0 = Debug|Any CPU
		{E908BAF2-D84B-4FA3-8DC1-0EA05EEE2566}.Release|Any CPU.ActiveCfg = Release|Any CPU
		{E908BAF2-D84B-4FA3-8DC1-0EA05EEE2566}.Release|Any CPU.Build.0 = Release|Any CPU
	EndGlobalSection
	GlobalSection(SolutionProperties) = preSolution
		HideSolutionNode = FALSE
	EndGlobalSection
	GlobalSection(ExtensibilityGlobals) = postSolution
		SolutionGuid = {EC73D42E-72FA-46BF-913E-AC77B33B4059}
	EndGlobalSection
EndGlobal
